
Microsoft Visual Studio Solution File, Format Version 12.00
# Visual Studio 15
VisualStudioVersion = 15.0.26730.16
MinimumVisualStudioVersion = 10.0.40219.1
Project("{8BC9CEB8-8B4A-11D0-8D11-00A0C91BC942}") = "Blockchain IT-Eksamensprojekt", "Blockchain IT-Eksamensprojekt\Blockchain IT-Eksamensprojekt.vcxproj", "{BB5A067B-4323-4053-93C3-9AB9E6B328C9}"
EndProject
Global
	GlobalSection(SolutionConfigurationPlatforms) = preSolution
		Debug|x64 = Debug|x64
		Debug|x86 = Debug|x86
		Release|x64 = Release|x64
		Release|x86 = Release|x86
	EndGlobalSection
	GlobalSection(ProjectConfigurationPlatforms) = postSolution
		{BB5A067B-4323-4053-93C3-9AB9E6B328C9}.Debug|x64.ActiveCfg = Debug|x64
		{BB5A067B-4323-4053-93C3-9AB9E6B328C9}.Debug|x64.Build.0 = Debug|x64
		{BB5A067B-4323-4053-93C3-9AB9E6B328C9}.Debug|x86.ActiveCfg = Debug|Win32
		{BB5A067B-4323-4053-93C3-9AB9E6B328C9}.Debug|x86.Build.0 = Debug|Win32
		{BB5A067B-4323-4053-93C3-9AB9E6B328C9}.Release|x64.ActiveCfg = Release|x64
		{BB5A067B-4323-4053-93C3-9AB9E6B328C9}.Release|x64.Build.0 = Release|x64
		{BB5A067B-4323-4053-93C3-9AB9E6B328C9}.Release|x86.ActiveCfg = Release|Win32
		{BB5A067B-4323-4053-93C3-9AB9E6B328C9}.Release|x86.Build.0 = Release|Win32
	EndGlobalSection
	GlobalSection(SolutionProperties) = preSolution
		HideSolutionNode = FALSE
	EndGlobalSection
	GlobalSection(ExtensibilityGlobals) = postSolution
		SolutionGuid = {CABF2AA1-4DE6-4A0D-92E7-E7283C7D853A}
	EndGlobalSection
EndGlobal
